
Microsoft Visual Studio Solution File, Format Version 12.00
# Visual Studio Version 16
VisualStudioVersion = 16.0.30621.155
MinimumVisualStudioVersion = 10.0.40219.1
Project("{FAE04EC0-301F-11D3-BF4B-00C04F79EFBC}") = "MovieList2", "MovieList2\MovieList2.csproj", "{3523B4F1-09B1-4921-B321-50B0FD2C453C}"
EndProject
Global
	GlobalSection(SolutionConfigurationPlatforms) = preSolution
		Debug|Any CPU = Debug|Any CPU
		Release|Any CPU = Release|Any CPU
	EndGlobalSection
	GlobalSection(ProjectConfigurationPlatforms) = postSolution
		{3523B4F1-09B1-4921-B321-50B0FD2C453C}.Debug|Any CPU.ActiveCfg = Debug|Any CPU
		{3523B4F1-09B1-4921-B321-50B0FD2C453C}.Debug|Any CPU.Build.0 = Debug|Any CPU
		{3523B4F1-09B1-4921-B321-50B0FD2C453C}.Release|Any CPU.ActiveCfg = Release|Any CPU
		{3523B4F1-09B1-4921-B321-50B0FD2C453C}.Release|Any CPU.Build.0 = Release|Any CPU
	EndGlobalSection
	GlobalSection(SolutionProperties) = preSolution
		HideSolutionNode = FALSE
	EndGlobalSection
	GlobalSection(ExtensibilityGlobals) = postSolution
		SolutionGuid = {545AD325-2EF5-443A-B718-83D88C4E0BEB}
	EndGlobalSection
EndGlobal
